
Microsoft Visual Studio Solution File, Format Version 12.00
# Visual Studio Version 16
VisualStudioVersion = 16.0.30907.101
MinimumVisualStudioVersion = 10.0.40219.1
Project("{FAE04EC0-301F-11D3-BF4B-00C04F79EFBC}") = "Assembly-CSharp", "Assembly-CSharp.csproj", "{A6D272E3-0CD4-C189-2315-E1BECAE6B239}"
EndProject
Project("{FAE04EC0-301F-11D3-BF4B-00C04F79EFBC}") = "Assembly-CSharp-Editor", "Assembly-CSharp-Editor.csproj", "{58AE15A2-15A9-64E3-712F-CB5C9AA9259D}"
EndProject
Project("{2150E333-8FDC-42A3-9474-1A3956D46DE8}") = "Solution Items", "Solution Items", "{2AD3739F-AE6C-4A5E-BDED-918EF27A7D30}"
	ProjectSection(SolutionItems) = preProject
		.editorconfig = .editorconfig
	EndProjectSection
EndProject
Global
	GlobalSection(SolutionConfigurationPlatforms) = preSolution
		Debug|Any CPU = Debug|Any CPU
		Release|Any CPU = Release|Any CPU
	EndGlobalSection
	GlobalSection(ProjectConfigurationPlatforms) = postSolution
		{A6D272E3-0CD4-C189-2315-E1BECAE6B239}.Debug|Any CPU.ActiveCfg = Debug|Any CPU
		{A6D272E3-0CD4-C189-2315-E1BECAE6B239}.Debug|Any CPU.Build.0 = Debug|Any CPU
		{A6D272E3-0CD4-C189-2315-E1BECAE6B239}.Release|Any CPU.ActiveCfg = Release|Any CPU
		{A6D272E3-0CD4-C189-2315-E1BECAE6B239}.Release|Any CPU.Build.0 = Release|Any CPU
		{58AE15A2-15A9-64E3-712F-CB5C9AA9259D}.Debug|Any CPU.ActiveCfg = Debug|Any CPU
		{58AE15A2-15A9-64E3-712F-CB5C9AA9259D}.Debug|Any CPU.Build.0 = Debug|Any CPU
		{58AE15A2-15A9-64E3-712F-CB5C9AA9259D}.Release|Any CPU.ActiveCfg = Release|Any CPU
		{58AE15A2-15A9-64E3-712F-CB5C9AA9259D}.Release|Any CPU.Build.0 = Release|Any CPU
	EndGlobalSection
	GlobalSection(SolutionProperties) = preSolution
		HideSolutionNode = FALSE
	EndGlobalSection
	GlobalSection(ExtensibilityGlobals) = postSolution
		SolutionGuid = {69FA9CD9-305D-440A-A2AC-C687E003B3A9}
	EndGlobalSection
EndGlobal
